
Microsoft Visual Studio Solution File, Format Version 12.00
# Visual Studio 15
VisualStudioVersion = 15.0.27004.2002
MinimumVisualStudioVersion = 10.0.40219.1
Project("{FAE04EC0-301F-11D3-BF4B-00C04F79EFBC}") = "projMedicamento", "projMedicamento\projMedicamento.csproj", "{653EE3A8-4A05-405E-98D5-4DA59C76A0CB}"
EndProject
Global
	GlobalSection(SolutionConfigurationPlatforms) = preSolution
		Debug|Any CPU = Debug|Any CPU
		Release|Any CPU = Release|Any CPU
	EndGlobalSection
	GlobalSection(ProjectConfigurationPlatforms) = postSolution
		{653EE3A8-4A05-405E-98D5-4DA59C76A0CB}.Debug|Any CPU.ActiveCfg = Debug|Any CPU
		{653EE3A8-4A05-405E-98D5-4DA59C76A0CB}.Debug|Any CPU.Build.0 = Debug|Any CPU
		{653EE3A8-4A05-405E-98D5-4DA59C76A0CB}.Release|Any CPU.ActiveCfg = Release|Any CPU
		{653EE3A8-4A05-405E-98D5-4DA59C76A0CB}.Release|Any CPU.Build.0 = Release|Any CPU
	EndGlobalSection
	GlobalSection(SolutionProperties) = preSolution
		HideSolutionNode = FALSE
	EndGlobalSection
	GlobalSection(ExtensibilityGlobals) = postSolution
		SolutionGuid = {4B738317-757E-4DC3-9081-948E014F8000}
	EndGlobalSection
EndGlobal
